
Microsoft Visual Studio Solution File, Format Version 12.00
# Visual Studio Version 16
VisualStudioVersion = 16.0.30907.101
MinimumVisualStudioVersion = 10.0.40219.1
Project("{9A19103F-16F7-4668-BE54-9A1E7A4F7556}") = "MessagesHandlerService", "MessagesHandlerService\MessagesHandlerService.csproj", "{C134EFFD-AC62-4D28-BDD5-05D7022563E8}"
EndProject
Project("{9A19103F-16F7-4668-BE54-9A1E7A4F7556}") = "SimulatorDataProviderService", "SimulatorDataProviderService\SimulatorDataProviderService.csproj", "{F0490C6A-9917-449A-A619-1AB5143CD3CE}"
EndProject
Global
	GlobalSection(SolutionConfigurationPlatforms) = preSolution
		Debug|Any CPU = Debug|Any CPU
		Release|Any CPU = Release|Any CPU
	EndGlobalSection
	GlobalSection(ProjectConfigurationPlatforms) = postSolution
		{C134EFFD-AC62-4D28-BDD5-05D7022563E8}.Debug|Any CPU.ActiveCfg = Debug|Any CPU
		{C134EFFD-AC62-4D28-BDD5-05D7022563E8}.Debug|Any CPU.Build.0 = Debug|Any CPU
		{C134EFFD-AC62-4D28-BDD5-05D7022563E8}.Release|Any CPU.ActiveCfg = Release|Any CPU
		{C134EFFD-AC62-4D28-BDD5-05D7022563E8}.Release|Any CPU.Build.0 = Release|Any CPU
		{F0490C6A-9917-449A-A619-1AB5143CD3CE}.Debug|Any CPU.ActiveCfg = Debug|Any CPU
		{F0490C6A-9917-449A-A619-1AB5143CD3CE}.Debug|Any CPU.Build.0 = Debug|Any CPU
		{F0490C6A-9917-449A-A619-1AB5143CD3CE}.Release|Any CPU.ActiveCfg = Release|Any CPU
		{F0490C6A-9917-449A-A619-1AB5143CD3CE}.Release|Any CPU.Build.0 = Release|Any CPU
	EndGlobalSection
	GlobalSection(SolutionProperties) = preSolution
		HideSolutionNode = FALSE
	EndGlobalSection
	GlobalSection(ExtensibilityGlobals) = postSolution
		SolutionGuid = {5DBB2235-6067-44B5-BA59-314CE2D0B382}
	EndGlobalSection
EndGlobal
